github.com/golang-jwt/jwt/v5 v5.0.0-rc.2 h1:hXPcSazn8wKOfSb9y2m1bdgUMlDxVDarxh3lJVbC6JE=
github.com/golang-jwt/jwt/v5 v5.0.0-rc.2/go.mod h1:pqrtFR0X4osieyHYxtmOUWsAWrfe1Q5UVIyoH402zdk=
github.com/gorilla/mux v1.8.0 h1:i40aqfkR1h2SlN9hojwV5ZA91wcXFOvkdNIeFDP5koI=
github.com/gorilla/mux v1.8.0/go.mod h1:DVbg23sWSpFRCP0SfiEN6jmj59UnW/n46BH5rLB71So=
